// !$*UTF8*$!
{
	archiveVersion = 1;
	classes = {
	};
	objectVersion = 56;
	objects = {

/* Begin PBXBuildFile section */
		04081C672C05F2B000FC4547 /* PlayingCardDeck.m in Sources */ = {isa = PBXBuildFile; fileRef = 04081C662C05F2B000FC4547 /* PlayingCardDeck.m */; };
		04081C6A2C07069C00FC4547 /* CardMatchingGame.m in Sources */ = {isa = PBXBuildFile; fileRef = 04081C692C07069C00FC4547 /* CardMatchingGame.m */; };
		04AA77B02C04C4EA00D02ED8 /* AppDelegate.m in Sources */ = {isa = PBXBuildFile; fileRef = 04AA77AF2C04C4EA00D02ED8 /* AppDelegate.m */; };
		04AA77B32C04C4EA00D02ED8 /* SceneDelegate.m in Sources */ = {isa = PBXBuildFile; fileRef = 04AA77B22C04C4EA00D02ED8 /* SceneDelegate.m */; };
		04AA77B62C04C4EA00D02ED8 /* ViewController.m in Sources */ = {isa = PBXBuildFile; fileRef = 04AA77B52C04C4EA00D02ED8 /* ViewController.m */; };
		04AA77B92C04C4EA00D02ED8 /* Base in Resources */ = {isa = PBXBuildFile; fileRef = 04AA77B82C04C4EA00D02ED8 /* Base */; };
		04AA77BB2C04C4EB00D02ED8 /* Assets.xcassets in Resources */ = {isa = PBXBuildFile; fileRef = 04AA77BA2C04C4EB00D02ED8 /* Assets.xcassets */; };
		04AA77BE2C04C4EB00D02ED8 /* Base in Resources */ = {isa = PBXBuildFile; fileRef = 04AA77BD2C04C4EB00D02ED8 /* Base */; };
		04AA77C12C04C4EB00D02ED8 /* main.m in Sources */ = {isa = PBXBuildFile; fileRef = 04AA77C02C04C4EB00D02ED8 /* main.m */; };
		04AA77D12C05D70400D02ED8 /* Card.m in Sources */ = {isa = PBXBuildFile; fileRef = 04AA77D02C05D70400D02ED8 /* Card.m */; };
		04AA77D42C05E64700D02ED8 /* Deck.m in Sources */ = {isa = PBXBuildFile; fileRef = 04AA77D32C05E64700D02ED8 /* Deck.m */; };
		04AA77D72C05EB0C00D02ED8 /* PlayingCard.m in Sources */ = {isa = PBXBuildFile; fileRef = 04AA77D62C05EB0C00D02ED8 /* PlayingCard.m */; };
/* End PBXBuildFile section */

/* Begin PBXFileReference section */
		04081C652C05F2B000FC4547 /* PlayingCardDeck.h */ = {isa = PBXFileReference; lastKnownFileType = sourcecode.c.h; path = PlayingCardDeck.h; sourceTree = "<group>"; };
		04081C662C05F2B000FC4547 /* PlayingCardDeck.m */ = {isa = PBXFileReference; lastKnownFileType = sourcecode.c.objc; path = PlayingCardDeck.m; sourceTree = "<group>"; };
		04081C682C07069C00FC4547 /* CardMatchingGame.h */ = {isa = PBXFileReference; lastKnownFileType = sourcecode.c.h; path = CardMatchingGame.h; sourceTree = "<group>"; };
		04081C692C07069C00FC4547 /* CardMatchingGame.m */ = {isa = PBXFileReference; lastKnownFileType = sourcecode.c.objc; path = CardMatchingGame.m; sourceTree = "<group>"; };
		04AA77AB2C04C4EA00D02ED8 /* Matchismo.app */ = {isa = PBXFileReference; explicitFileType = wrapper.application; includeInIndex = 0; path = Matchismo.app; sourceTree = BUILT_PRODUCTS_DIR; };
		04AA77AE2C04C4EA00D02ED8 /* AppDelegate.h */ = {isa = PBXFileReference; lastKnownFileType = sourcecode.c.h; path = AppDelegate.h; sourceTree = "<group>"; };
		04AA77AF2C04C4EA00D02ED8 /* AppDelegate.m */ = {isa = PBXFileReference; lastKnownFileType = sourcecode.c.objc; path = AppDelegate.m; sourceTree = "<group>"; };
		04AA77B12C04C4EA00D02ED8 /* SceneDelegate.h */ = {isa = PBXFileReference; lastKnownFileType = sourcecode.c.h; path = SceneDelegate.h; sourceTree = "<group>"; };
		04AA77B22C04C4EA00D02ED8 /* SceneDelegate.m */ = {isa = PBXFileReference; lastKnownFileType = sourcecode.c.objc; path = SceneDelegate.m; sourceTree = "<group>"; };
		04AA77B42C04C4EA00D02ED8 /* ViewController.h */ = {isa = PBXFileReference; lastKnownFileType = sourcecode.c.h; path = ViewController.h; sourceTree = "<group>"; };
		04AA77B52C04C4EA00D02ED8 /* ViewController.m */ = {isa = PBXFileReference; lastKnownFileType = sourcecode.c.objc; path = ViewController.m; sourceTree = "<group>"; };
		04AA77B82C04C4EA00D02ED8 /* Base */ = {isa = PBXFileReference; lastKnownFileType = file.storyboard; name = Base; path = Base.lproj/Main.storyboard; sourceTree = "<group>"; };
		04AA77BA2C04C4EB00D02ED8 /* Assets.xcassets */ = {isa = PBXFileReference; lastKnownFileType = folder.assetcatalog; path = Assets.xcassets; sourceTree = "<group>"; };
		04AA77BD2C04C4EB00D02ED8 /* Base */ = {isa = PBXFileReference; lastKnownFileType = file.storyboard; name = Base; path = Base.lproj/LaunchScreen.storyboard; sourceTree = "<group>"; };
		04AA77BF2C04C4EB00D02ED8 /* Info.plist */ = {isa = PBXFileReference; lastKnownFileType = text.plist.xml; path = Info.plist; sourceTree = "<group>"; };
		04AA77C02C04C4EB00D02ED8 /* main.m */ = {isa = PBXFileReference; lastKnownFileType = sourcecode.c.objc; path = main.m; sourceTree = "<group>"; };
		04AA77CF2C05D70400D02ED8 /* Card.h */ = {isa = PBXFileReference; lastKnownFileType = sourcecode.c.h; path = Card.h; sourceTree = "<group>"; };
		04AA77D02C05D70400D02ED8 /* Card.m */ = {isa = PBXFileReference; lastKnownFileType = sourcecode.c.objc; path = Card.m; sourceTree = "<group>"; };
		04AA77D22C05E64700D02ED8 /* Deck.h */ = {isa = PBXFileReference; lastKnownFileType = sourcecode.c.h; path = Deck.h; sourceTree = "<group>"; };
		04AA77D32C05E64700D02ED8 /* Deck.m */ = {isa = PBXFileReference; lastKnownFileType = sourcecode.c.objc; path = Deck.m; sourceTree = "<group>"; };
		04AA77D52C05EB0C00D02ED8 /* PlayingCard.h */ = {isa = PBXFileReference; lastKnownFileType = sourcecode.c.h; path = PlayingCard.h; sourceTree = "<group>"; };
		04AA77D62C05EB0C00D02ED8 /* PlayingCard.m */ = {isa = PBXFileReference; lastKnownFileType = sourcecode.c.objc; path = PlayingCard.m; sourceTree = "<group>"; };
/* End PBXFileReference section */

/* Begin PBXFrameworksBuildPhase section */
		04AA77A82C04C4EA00D02ED8 /* Frameworks */ = {
			isa = PBXFrameworksBuildPhase;
			buildActionMask = 2147483647;
			files = (
			);
			runOnlyForDeploymentPostprocessing = 0;
		};
/* End PBXFrameworksBuildPhase section */

/* Begin PBXGroup section */
		04AA77A22C04C4EA00D02ED8 = {
			isa = PBXGroup;
			children = (
				04AA77AD2C04C4EA00D02ED8 /* Matchismo */,
				04AA77AC2C04C4EA00D02ED8 /* Products */,
			);
			sourceTree = "<group>";
		};
		04AA77AC2C04C4EA00D02ED8 /* Products */ = {
			isa = PBXGroup;
			children = (
				04AA77AB2C04C4EA00D02ED8 /* Matchismo.app */,
			);
			name = Products;
			sourceTree = "<group>";
		};
		04AA77AD2C04C4EA00D02ED8 /* Matchismo */ = {
			isa = PBXGroup;
			children = (
				04AA77B42C04C4EA00D02ED8 /* ViewController.h */,
				04AA77B52C04C4EA00D02ED8 /* ViewController.m */,
				04AA77B72C04C4EA00D02ED8 /* Main.storyboard */,
				04AA77CE2C05D6D300D02ED8 /* Model */,
				04AA77C72C04C68B00D02ED8 /* SupportingFiles */,
				04AA77BF2C04C4EB00D02ED8 /* Info.plist */,
			);
			path = Matchismo;
			sourceTree = "<group>";
		};
		04AA77C72C04C68B00D02ED8 /* SupportingFiles */ = {
			isa = PBXGroup;
			children = (
				04AA77AE2C04C4EA00D02ED8 /* AppDelegate.h */,
				04AA77AF2C04C4EA00D02ED8 /* AppDelegate.m */,
				04AA77B12C04C4EA00D02ED8 /* SceneDelegate.h */,
				04AA77B22C04C4EA00D02ED8 /* SceneDelegate.m */,
				04AA77BA2C04C4EB00D02ED8 /* Assets.xcassets */,
				04AA77BC2C04C4EB00D02ED8 /* LaunchScreen.storyboard */,
				04AA77C02C04C4EB00D02ED8 /* main.m */,
			);
			path = SupportingFiles;
			sourceTree = "<group>";
		};
		04AA77CE2C05D6D300D02ED8 /* Model */ = {
			isa = PBXGroup;
			children = (
				04AA77CF2C05D70400D02ED8 /* Card.h */,
				04AA77D02C05D70400D02ED8 /* Card.m */,
				04AA77D22C05E64700D02ED8 /* Deck.h */,
				04AA77D32C05E64700D02ED8 /* Deck.m */,
				04AA77D52C05EB0C00D02ED8 /* PlayingCard.h */,
				04AA77D62C05EB0C00D02ED8 /* PlayingCard.m */,
				04081C652C05F2B000FC4547 /* PlayingCardDeck.h */,
				04081C662C05F2B000FC4547 /* PlayingCardDeck.m */,
				04081C682C07069C00FC4547 /* CardMatchingGame.h */,
				04081C692C07069C00FC4547 /* CardMatchingGame.m */,
			);
			path = Model;
			sourceTree = "<group>";
		};
/* End PBXGroup section */

/* Begin PBXNativeTarget section */
		04AA77AA2C04C4EA00D02ED8 /* Matchismo */ = {
			isa = PBXNativeTarget;
			buildConfigurationList = 04AA77C42C04C4EB00D02ED8 /* Build configuration list for PBXNativeTarget "Matchismo" */;
			buildPhases = (
				04AA77A72C04C4EA00D02ED8 /* Sources */,
				04AA77A82C04C4EA00D02ED8 /* Frameworks */,
				04AA77A92C04C4EA00D02ED8 /* Resources */,
			);
			buildRules = (
			);
			dependencies = (
			);
			name = Matchismo;
			productName = Matchismo;
			productReference = 04AA77AB2C04C4EA00D02ED8 /* Matchismo.app */;
			productType = "com.apple.product-type.application";
		};
/* End PBXNativeTarget section */

/* Begin PBXProject section */
		04AA77A32C04C4EA00D02ED8 /* Project object */ = {
			isa = PBXProject;
			attributes = {
				BuildIndependentTargetsInParallel = 1;
				LastUpgradeCheck = 1540;
				TargetAttributes = {
					04AA77AA2C04C4EA00D02ED8 = {
						CreatedOnToolsVersion = 15.4;
					};
				};
			};
			buildConfigurationList = 04AA77A62C04C4EA00D02ED8 /* Build configuration list for PBXProject "Matchismo" */;
			compatibilityVersion = "Xcode 14.0";
			developmentRegion = en;
			hasScannedForEncodings = 0;
			knownRegions = (
				en,
				Base,
			);
			mainGroup = 04AA77A22C04C4EA00D02ED8;
			productRefGroup = 04AA77AC2C04C4EA00D02ED8 /* Products */;
			projectDirPath = "";
			projectRoot = "";
			targets = (
				04AA77AA2C04C4EA00D02ED8 /* Matchismo */,
			);
		};
/* End PBXProject section */

/* Begin PBXResourcesBuildPhase section */
		04AA77A92C04C4EA00D02ED8 /* Resources */ = {
			isa = PBXResourcesBuildPhase;
			buildActionMask = 2147483647;
			files = (
				04AA77BB2C04C4EB00D02ED8 /* Assets.xcassets in Resources */,
				04AA77BE2C04C4EB00D02ED8 /* Base in Resources */,
				04AA77B92C04C4EA00D02ED8 /* Base in Resources */,
			);
			runOnlyForDeploymentPostprocessing = 0;
		};
/* End PBXResourcesBuildPhase section */

/* Begin PBXSourcesBuildPhase section */
		04AA77A72C04C4EA00D02ED8 /* Sources */ = {
			isa = PBXSourcesBuildPhase;
			buildActionMask = 2147483647;
			files = (
				04AA77D12C05D70400D02ED8 /* Card.m in Sources */,
				04081C672C05F2B000FC4547 /* PlayingCardDeck.m in Sources */,
				04AA77B62C04C4EA00D02ED8 /* ViewController.m in Sources */,
				04081C6A2C07069C00FC4547 /* CardMatchingGame.m in Sources */,
				04AA77D72C05EB0C00D02ED8 /* PlayingCard.m in Sources */,
				04AA77B02C04C4EA00D02ED8 /* AppDelegate.m in Sources */,
				04AA77C12C04C4EB00D02ED8 /* main.m in Sources */,
				04AA77D42C05E64700D02ED8 /* Deck.m in Sources */,
				04AA77B32C04C4EA00D02ED8 /* SceneDelegate.m in Sources */,
			);
			runOnlyForDeploymentPostprocessing = 0;
		};
/* End PBXSourcesBuildPhase section */

/* Begin PBXVariantGroup section */
		04AA77B72C04C4EA00D02ED8 /* Main.storyboard */ = {
			isa = PBXVariantGroup;
			children = (
				04AA77B82C04C4EA00D02ED8 /* Base */,
			);
			name = Main.storyboard;
			sourceTree = "<group>";
		};
		04AA77BC2C04C4EB00D02ED8 /* LaunchScreen.storyboard */ = {
			isa = PBXVariantGroup;
			children = (
				04AA77BD2C04C4EB00D02ED8 /* Base */,
			);
			name = LaunchScreen.storyboard;
			sourceTree = "<group>";
		};
/* End PBXVariantGroup section */

/* Begin XCBuildConfiguration section */
		04AA77C22C04C4EB00D02ED8 /* Debug */ = {
			isa = XCBuildConfiguration;
			buildSettings = {
				ALWAYS_SEARCH_USER_PATHS = NO;
				ASSETCATALOG_COMPILER_GENERATE_SWIFT_ASSET_SYMBOL_EXTENSIONS = YES;
				CLANG_ANALYZER_NONNULL = YES;
				CLANG_ANALYZER_NUMBER_OBJECT_CONVERSION = YES_AGGRESSIVE;
				CLANG_CXX_LANGUAGE_STANDARD = "gnu++20";
				CLANG_ENABLE_MODULES = YES;
				CLANG_ENABLE_OBJC_ARC = YES;
				CLANG_ENABLE_OBJC_WEAK = YES;
				CLANG_WARN_BLOCK_CAPTURE_AUTORELEASING = YES;
				CLANG_WARN_BOOL_CONVERSION = YES;
				CLANG_WARN_COMMA = YES;
				CLANG_WARN_CONSTANT_CONVERSION = YES;
				CLANG_WARN_DEPRECATED_OBJC_IMPLEMENTATIONS = YES;
				CLANG_WARN_DIRECT_OBJC_ISA_USAGE = YES_ERROR;
				CLANG_WARN_DOCUMENTATION_COMMENTS = YES;
				CLANG_WARN_EMPTY_BODY = YES;
				CLANG_WARN_ENUM_CONVERSION = YES;
				CLANG_WARN_INFINITE_RECURSION = YES;
				CLANG_WARN_INT_CONVERSION = YES;
				CLANG_WARN_NON_LITERAL_NULL_CONVERSION = YES;
				CLANG_WARN_OBJC_IMPLICIT_RETAIN_SELF = YES;
				CLANG_WARN_OBJC_LITERAL_CONVERSION = YES;
				CLANG_WARN_OBJC_ROOT_CLASS = YES_ERROR;
				CLANG_WARN_QUOTED_INCLUDE_IN_FRAMEWORK_HEADER = YES;
				CLANG_WARN_RANGE_LOOP_ANALYSIS = YES;
				CLANG_WARN_STRICT_PROTOTYPES = YES;
				CLANG_WARN_SUSPICIOUS_MOVE = YES;
				CLANG_WARN_UNGUARDED_AVAILABILITY = YES_AGGRESSIVE;
				CLANG_WARN_UNREACHABLE_CODE = YES;
				CLANG_WARN__DUPLICATE_METHOD_MATCH = YES;
				COPY_PHASE_STRIP = NO;
				DEBUG_INFORMATION_FORMAT = dwarf;
				ENABLE_STRICT_OBJC_MSGSEND = YES;
				ENABLE_TESTABILITY = YES;
				ENABLE_USER_SCRIPT_SANDBOXING = YES;
				GCC_C_LANGUAGE_STANDARD = gnu17;
				GCC_DYNAMIC_NO_PIC = NO;
				GCC_NO_COMMON_BLOCKS = YES;
				GCC_OPTIMIZATION_LEVEL = 0;
				GCC_PREPROCESSOR_DEFINITIONS = (
					"DEBUG=1",
					"$(inherited)",
				);
				GCC_WARN_64_TO_32_BIT_CONVERSION = YES;
				GCC_WARN_ABOUT_RETURN_TYPE = YES_ERROR;
				GCC_WARN_UNDECLARED_SELECTOR = YES;
				GCC_WARN_UNINITIALIZED_AUTOS = YES_AGGRESSIVE;
				GCC_WARN_UNUSED_FUNCTION = YES;
				GCC_WARN_UNUSED_VARIABLE = YES;
				IPHONEOS_DEPLOYMENT_TARGET = 17.5;
				LOCALIZATION_PREFERS_STRING_CATALOGS = YES;
				MTL_ENABLE_DEBUG_INFO = INCLUDE_SOURCE;
				MTL_FAST_MATH = YES;
				ONLY_ACTIVE_ARCH = YES;
				SDKROOT = iphoneos;
			};
			name = Debug;
		};
		04AA77C32C04C4EB00D02ED8 /* Release */ = {
			isa = XCBuildConfiguration;
			buildSettings = {
				ALWAYS_SEARCH_USER_PATHS = NO;
				ASSETCATALOG_COMPILER_GENERATE_SWIFT_ASSET_SYMBOL_EXTENSIONS = YES;
				CLANG_ANALYZER_NONNULL = YES;
				CLANG_ANALYZER_NUMBER_OBJECT_CONVERSION = YES_AGGRESSIVE;
				CLANG_CXX_LANGUAGE_STANDARD = "gnu++20";
				CLANG_ENABLE_MODULES = YES;
				CLANG_ENABLE_OBJC_ARC = YES;
				CLANG_ENABLE_OBJC_WEAK = YES;
				CLANG_WARN_BLOCK_CAPTURE_AUTORELEASING = YES;
				CLANG_WARN_BOOL_CONVERSION = YES;
				CLANG_WARN_COMMA = YES;
				CLANG_WARN_CONSTANT_CONVERSION = YES;
				CLANG_WARN_DEPRECATED_OBJC_IMPLEMENTATIONS = YES;
				CLANG_WARN_DIRECT_OBJC_ISA_USAGE = YES_ERROR;
				CLANG_WARN_DOCUMENTATION_COMMENTS = YES;
				CLANG_WARN_EMPTY_BODY = YES;
				CLANG_WARN_ENUM_CONVERSION = YES;
				CLANG_WARN_INFINITE_RECURSION = YES;
				CLANG_WARN_INT_CONVERSION = YES;
				CLANG_WARN_NON_LITERAL_NULL_CONVERSION = YES;
				CLANG_WARN_OBJC_IMPLICIT_RETAIN_SELF = YES;
				CLANG_WARN_OBJC_LITERAL_CONVERSION = YES;
				CLANG_WARN_OBJC_ROOT_CLASS = YES_ERROR;
				CLANG_WARN_QUOTED_INCLUDE_IN_FRAMEWORK_HEADER = YES;
				CLANG_WARN_RANGE_LOOP_ANALYSIS = YES;
				CLANG_WARN_STRICT_PROTOTYPES = YES;
				CLANG_WARN_SUSPICIOUS_MOVE = YES;
				CLANG_WARN_UNGUARDED_AVAILABILITY = YES_AGGRESSIVE;
				CLANG_WARN_UNREACHABLE_CODE = YES;
				CLANG_WARN__DUPLICATE_METHOD_MATCH = YES;
				COPY_PHASE_STRIP = NO;
				DEBUG_INFORMATION_FORMAT = "dwarf-with-dsym";
				ENABLE_NS_ASSERTIONS = NO;
				ENABLE_STRICT_OBJC_MSGSEND = YES;
				ENABLE_USER_SCRIPT_SANDBOXING = YES;
				GCC_C_LANGUAGE_STANDARD = gnu17;
				GCC_NO_COMMON_BLOCKS = YES;
				GCC_WARN_64_TO_32_BIT_CONVERSION = YES;
				GCC_WARN_ABOUT_RETURN_TYPE = YES_ERROR;
				GCC_WARN_UNDECLARED_SELECTOR = YES;
				GCC_WARN_UNINITIALIZED_AUTOS = YES_AGGRESSIVE;
				GCC_WARN_UNUSED_FUNCTION = YES;
				GCC_WARN_UNUSED_VARIABLE = YES;
				IPHONEOS_DEPLOYMENT_TARGET = 17.5;
				LOCALIZATION_PREFERS_STRING_CATALOGS = YES;
				MTL_ENABLE_DEBUG_INFO = NO;
				MTL_FAST_MATH = YES;
				SDKROOT = iphoneos;
				VALIDATE_PRODUCT = YES;
			};
			name = Release;
		};
		04AA77C52C04C4EB00D02ED8 /* Debug */ = {
			isa = XCBuildConfiguration;
			buildSettings = {
				ASSETCATALOG_COMPILER_APPICON_NAME = AppIcon;
				ASSETCATALOG_COMPILER_GLOBAL_ACCENT_COLOR_NAME = AccentColor;
				CODE_SIGN_STYLE = Automatic;
				CURRENT_PROJECT_VERSION = 1;
				DEVELOPMENT_TEAM = Y5N6A4BSFX;
				GENERATE_INFOPLIST_FILE = YES;
				INFOPLIST_FILE = Matchismo/Info.plist;
				INFOPLIST_KEY_UIApplicationSupportsIndirectInputEvents = YES;
				INFOPLIST_KEY_UILaunchStoryboardName = LaunchScreen;
				INFOPLIST_KEY_UIMainStoryboardFile = Main;
				INFOPLIST_KEY_UISupportedInterfaceOrientations_iPad = "UIInterfaceOrientationPortrait UIInterfaceOrientationPortraitUpsideDown UIInterfaceOrientationLandscapeLeft UIInterfaceOrientationLandscapeRight";
				INFOPLIST_KEY_UISupportedInterfaceOrientations_iPhone = "UIInterfaceOrientationPortrait UIInterfaceOrientationLandscapeLeft UIInterfaceOrientationLandscapeRight";
				LD_RUNPATH_SEARCH_PATHS = (
					"$(inherited)",
					"@executable_path/Frameworks",
				);
				MARKETING_VERSION = 1.0;
				PRODUCT_BUNDLE_IDENTIFIER = com.khaletska.Matchismo;
				PRODUCT_NAME = "$(TARGET_NAME)";
				SWIFT_EMIT_LOC_STRINGS = YES;
				TARGETED_DEVICE_FAMILY = "1,2";
			};
			name = Debug;
		};
		04AA77C62C04C4EB00D02ED8 /* Release */ = {
			isa = XCBuildConfiguration;
			buildSettings = {
				ASSETCATALOG_COMPILER_APPICON_NAME = AppIcon;
				ASSETCATALOG_COMPILER_GLOBAL_ACCENT_COLOR_NAME = AccentColor;
				CODE_SIGN_STYLE = Automatic;
				CURRENT_PROJECT_VERSION = 1;
				DEVELOPMENT_TEAM = Y5N6A4BSFX;
				GENERATE_INFOPLIST_FILE = YES;
				INFOPLIST_FILE = Matchismo/Info.plist;
				INFOPLIST_KEY_UIApplicationSupportsIndirectInputEvents = YES;
				INFOPLIST_KEY_UILaunchStoryboardName = LaunchScreen;
				INFOPLIST_KEY_UIMainStoryboardFile = Main;
				INFOPLIST_KEY_UISupportedInterfaceOrientations_iPad = "UIInterfaceOrientationPortrait UIInterfaceOrientationPortraitUpsideDown UIInterfaceOrientationLandscapeLeft UIInterfaceOrientationLandscapeRight";
				INFOPLIST_KEY_UISupportedInterfaceOrientations_iPhone = "UIInterfaceOrientationPortrait UIInterfaceOrientationLandscapeLeft UIInterfaceOrientationLandscapeRight";
				LD_RUNPATH_SEARCH_PATHS = (
					"$(inherited)",
					"@executable_path/Frameworks",
				);
				MARKETING_VERSION = 1.0;
				PRODUCT_BUNDLE_IDENTIFIER = com.khaletska.Matchismo;
				PRODUCT_NAME = "$(TARGET_NAME)";
				SWIFT_EMIT_LOC_STRINGS = YES;
				TARGETED_DEVICE_FAMILY = "1,2";
			};
			name = Release;
		};
/* End XCBuildConfiguration section */

/* Begin XCConfigurationList section */
		04AA77A62C04C4EA00D02ED8 /* Build configuration list for PBXProject "Matchismo" */ = {
			isa = XCConfigurationList;
			buildConfigurations = (
				04AA77C22C04C4EB00D02ED8 /* Debug */,
				04AA77C32C04C4EB00D02ED8 /* Release */,
			);
			defaultConfigurationIsVisible = 0;
			defaultConfigurationName = Release;
		};
		04AA77C42C04C4EB00D02ED8 /* Build configuration list for PBXNativeTarget "Matchismo" */ = {
			isa = XCConfigurationList;
			buildConfigurations = (
				04AA77C52C04C4EB00D02ED8 /* Debug */,
				04AA77C62C04C4EB00D02ED8 /* Release */,
			);
			defaultConfigurationIsVisible = 0;
			defaultConfigurationName = Release;
		};
/* End XCConfigurationList section */
	};
	rootObject = 04AA77A32C04C4EA00D02ED8 /* Project object */;
}
